
Microsoft Visual Studio Solution File, Format Version 12.00
# Visual Studio Version 16
VisualStudioVersion = 16.0.29728.190
MinimumVisualStudioVersion = 10.0.40219.1
Project("{FAE04EC0-301F-11D3-BF4B-00C04F79EFBC}") = "OIDCSpike", "OIDCSpike\OIDCSpike.csproj", "{22D37712-9A0A-4B17-AF7B-DABD8BF4AE7D}"
EndProject
Global
	GlobalSection(SolutionConfigurationPlatforms) = preSolution
		Debug|Any CPU = Debug|Any CPU
		Release|Any CPU = Release|Any CPU
	EndGlobalSection
	GlobalSection(ProjectConfigurationPlatforms) = postSolution
		{22D37712-9A0A-4B17-AF7B-DABD8BF4AE7D}.Debug|Any CPU.ActiveCfg = Debug|Any CPU
		{22D37712-9A0A-4B17-AF7B-DABD8BF4AE7D}.Debug|Any CPU.Build.0 = Debug|Any CPU
		{22D37712-9A0A-4B17-AF7B-DABD8BF4AE7D}.Release|Any CPU.ActiveCfg = Release|Any CPU
		{22D37712-9A0A-4B17-AF7B-DABD8BF4AE7D}.Release|Any CPU.Build.0 = Release|Any CPU
	EndGlobalSection
	GlobalSection(SolutionProperties) = preSolution
		HideSolutionNode = FALSE
	EndGlobalSection
	GlobalSection(ExtensibilityGlobals) = postSolution
		SolutionGuid = {73A0A566-C22A-4304-82AF-2337AB386D8B}
	EndGlobalSection
EndGlobal
